
Microsoft Visual Studio Solution File, Format Version 12.00
# Visual Studio Version 16
VisualStudioVersion = 16.0.30320.27
MinimumVisualStudioVersion = 10.0.40219.1
Project("{FAE04EC0-301F-11D3-BF4B-00C04F79EFBC}") = "Zadanka16_KartaPlatnicza", "Zadanka16_KartaPlatnicza.csproj", "{BAE1D16F-A4C9-4DC8-8683-39853E223638}"
EndProject
Global
	GlobalSection(SolutionConfigurationPlatforms) = preSolution
		Debug|Any CPU = Debug|Any CPU
		Release|Any CPU = Release|Any CPU
	EndGlobalSection
	GlobalSection(ProjectConfigurationPlatforms) = postSolution
		{BAE1D16F-A4C9-4DC8-8683-39853E223638}.Debug|Any CPU.ActiveCfg = Debug|Any CPU
		{BAE1D16F-A4C9-4DC8-8683-39853E223638}.Debug|Any CPU.Build.0 = Debug|Any CPU
		{BAE1D16F-A4C9-4DC8-8683-39853E223638}.Release|Any CPU.ActiveCfg = Release|Any CPU
		{BAE1D16F-A4C9-4DC8-8683-39853E223638}.Release|Any CPU.Build.0 = Release|Any CPU
	EndGlobalSection
	GlobalSection(SolutionProperties) = preSolution
		HideSolutionNode = FALSE
	EndGlobalSection
	GlobalSection(ExtensibilityGlobals) = postSolution
		SolutionGuid = {F5946FC5-4684-4A49-879F-6DD28F9511D5}
	EndGlobalSection
EndGlobal
