
Microsoft Visual Studio Solution File, Format Version 12.00
# Visual Studio Version 16
VisualStudioVersion = 16.0.31112.23
MinimumVisualStudioVersion = 10.0.40219.1
Project("{FAE04EC0-301F-11D3-BF4B-00C04F79EFBC}") = "BazyRelacje_Lekcja2", "BazyRelacje_Lekcja2.csproj", "{AEC8918C-2F4D-4D56-ADC3-34298E5D0FC0}"
EndProject
Global
	GlobalSection(SolutionConfigurationPlatforms) = preSolution
		Debug|Any CPU = Debug|Any CPU
		Release|Any CPU = Release|Any CPU
	EndGlobalSection
	GlobalSection(ProjectConfigurationPlatforms) = postSolution
		{AEC8918C-2F4D-4D56-ADC3-34298E5D0FC0}.Debug|Any CPU.ActiveCfg = Debug|Any CPU
		{AEC8918C-2F4D-4D56-ADC3-34298E5D0FC0}.Debug|Any CPU.Build.0 = Debug|Any CPU
		{AEC8918C-2F4D-4D56-ADC3-34298E5D0FC0}.Release|Any CPU.ActiveCfg = Release|Any CPU
		{AEC8918C-2F4D-4D56-ADC3-34298E5D0FC0}.Release|Any CPU.Build.0 = Release|Any CPU
	EndGlobalSection
	GlobalSection(SolutionProperties) = preSolution
		HideSolutionNode = FALSE
	EndGlobalSection
	GlobalSection(ExtensibilityGlobals) = postSolution
		SolutionGuid = {5BB0951F-A573-43D6-A91E-7012B90FFDB0}
	EndGlobalSection
EndGlobal
