
Microsoft Visual Studio Solution File, Format Version 12.00
# Visual Studio Version 16
VisualStudioVersion = 16.0.30320.27
MinimumVisualStudioVersion = 10.0.40219.1
Project("{FAE04EC0-301F-11D3-BF4B-00C04F79EFBC}") = "GetterySettery_Lekcja", "GetterySettery_Lekcja.csproj", "{E3C7BF81-5A3E-4C44-AA61-A86B542EA484}"
EndProject
Global
	GlobalSection(SolutionConfigurationPlatforms) = preSolution
		Debug|Any CPU = Debug|Any CPU
		Release|Any CPU = Release|Any CPU
	EndGlobalSection
	GlobalSection(ProjectConfigurationPlatforms) = postSolution
		{E3C7BF81-5A3E-4C44-AA61-A86B542EA484}.Debug|Any CPU.ActiveCfg = Debug|Any CPU
		{E3C7BF81-5A3E-4C44-AA61-A86B542EA484}.Debug|Any CPU.Build.0 = Debug|Any CPU
		{E3C7BF81-5A3E-4C44-AA61-A86B542EA484}.Release|Any CPU.ActiveCfg = Release|Any CPU
		{E3C7BF81-5A3E-4C44-AA61-A86B542EA484}.Release|Any CPU.Build.0 = Release|Any CPU
	EndGlobalSection
	GlobalSection(SolutionProperties) = preSolution
		HideSolutionNode = FALSE
	EndGlobalSection
	GlobalSection(ExtensibilityGlobals) = postSolution
		SolutionGuid = {FA6DFF8C-226C-47A6-99A7-48CE7B3E5695}
	EndGlobalSection
EndGlobal
