
Microsoft Visual Studio Solution File, Format Version 12.00
# Visual Studio Version 16
VisualStudioVersion = 16.0.30320.27
MinimumVisualStudioVersion = 10.0.40219.1
Project("{FAE04EC0-301F-11D3-BF4B-00C04F79EFBC}") = "Urzadzenie_Zadanie", "Urzadzenie_Zadanie.csproj", "{2C925A4E-9605-439D-B4BB-5DB48C502380}"
EndProject
Global
	GlobalSection(SolutionConfigurationPlatforms) = preSolution
		Debug|Any CPU = Debug|Any CPU
		Release|Any CPU = Release|Any CPU
	EndGlobalSection
	GlobalSection(ProjectConfigurationPlatforms) = postSolution
		{2C925A4E-9605-439D-B4BB-5DB48C502380}.Debug|Any CPU.ActiveCfg = Debug|Any CPU
		{2C925A4E-9605-439D-B4BB-5DB48C502380}.Debug|Any CPU.Build.0 = Debug|Any CPU
		{2C925A4E-9605-439D-B4BB-5DB48C502380}.Release|Any CPU.ActiveCfg = Release|Any CPU
		{2C925A4E-9605-439D-B4BB-5DB48C502380}.Release|Any CPU.Build.0 = Release|Any CPU
	EndGlobalSection
	GlobalSection(SolutionProperties) = preSolution
		HideSolutionNode = FALSE
	EndGlobalSection
	GlobalSection(ExtensibilityGlobals) = postSolution
		SolutionGuid = {646673F6-65C2-4218-8A1E-D5430DF9457F}
	EndGlobalSection
EndGlobal
