
Microsoft Visual Studio Solution File, Format Version 12.00
# Visual Studio Version 16
VisualStudioVersion = 16.0.30320.27
MinimumVisualStudioVersion = 10.0.40219.1
Project("{FAE04EC0-301F-11D3-BF4B-00C04F79EFBC}") = "Samolot_Zadanie", "Samolot_Zadanie.csproj", "{FBBCC17C-0EAE-4643-B38B-9D72D7CD2BD0}"
EndProject
Global
	GlobalSection(SolutionConfigurationPlatforms) = preSolution
		Debug|Any CPU = Debug|Any CPU
		Release|Any CPU = Release|Any CPU
	EndGlobalSection
	GlobalSection(ProjectConfigurationPlatforms) = postSolution
		{FBBCC17C-0EAE-4643-B38B-9D72D7CD2BD0}.Debug|Any CPU.ActiveCfg = Debug|Any CPU
		{FBBCC17C-0EAE-4643-B38B-9D72D7CD2BD0}.Debug|Any CPU.Build.0 = Debug|Any CPU
		{FBBCC17C-0EAE-4643-B38B-9D72D7CD2BD0}.Release|Any CPU.ActiveCfg = Release|Any CPU
		{FBBCC17C-0EAE-4643-B38B-9D72D7CD2BD0}.Release|Any CPU.Build.0 = Release|Any CPU
	EndGlobalSection
	GlobalSection(SolutionProperties) = preSolution
		HideSolutionNode = FALSE
	EndGlobalSection
	GlobalSection(ExtensibilityGlobals) = postSolution
		SolutionGuid = {DDBBC8ED-2FF0-473F-91F0-6FCB3E2FBAA5}
	EndGlobalSection
EndGlobal
