
Microsoft Visual Studio Solution File, Format Version 12.00
# Visual Studio Version 16
VisualStudioVersion = 16.0.30320.27
MinimumVisualStudioVersion = 10.0.40219.1
Project("{FAE04EC0-301F-11D3-BF4B-00C04F79EFBC}") = "Zadanka8", "Zadanka8.csproj", "{7A42C685-F83C-4818-90F8-7D8F29C43A36}"
EndProject
Global
	GlobalSection(SolutionConfigurationPlatforms) = preSolution
		Debug|Any CPU = Debug|Any CPU
		Release|Any CPU = Release|Any CPU
	EndGlobalSection
	GlobalSection(ProjectConfigurationPlatforms) = postSolution
		{7A42C685-F83C-4818-90F8-7D8F29C43A36}.Debug|Any CPU.ActiveCfg = Debug|Any CPU
		{7A42C685-F83C-4818-90F8-7D8F29C43A36}.Debug|Any CPU.Build.0 = Debug|Any CPU
		{7A42C685-F83C-4818-90F8-7D8F29C43A36}.Release|Any CPU.ActiveCfg = Release|Any CPU
		{7A42C685-F83C-4818-90F8-7D8F29C43A36}.Release|Any CPU.Build.0 = Release|Any CPU
	EndGlobalSection
	GlobalSection(SolutionProperties) = preSolution
		HideSolutionNode = FALSE
	EndGlobalSection
	GlobalSection(ExtensibilityGlobals) = postSolution
		SolutionGuid = {2B9287DF-71F7-47A0-9E2A-1A6579BC8F1A}
	EndGlobalSection
EndGlobal
