
Microsoft Visual Studio Solution File, Format Version 12.00
# Visual Studio Version 16
VisualStudioVersion = 16.0.30320.27
MinimumVisualStudioVersion = 10.0.40219.1
Project("{FAE04EC0-301F-11D3-BF4B-00C04F79EFBC}") = "Zadanka15_Linq", "Zadanka15_Linq.csproj", "{87584247-3465-4E81-A614-CA0688B211D9}"
EndProject
Global
	GlobalSection(SolutionConfigurationPlatforms) = preSolution
		Debug|Any CPU = Debug|Any CPU
		Release|Any CPU = Release|Any CPU
	EndGlobalSection
	GlobalSection(ProjectConfigurationPlatforms) = postSolution
		{87584247-3465-4E81-A614-CA0688B211D9}.Debug|Any CPU.ActiveCfg = Debug|Any CPU
		{87584247-3465-4E81-A614-CA0688B211D9}.Debug|Any CPU.Build.0 = Debug|Any CPU
		{87584247-3465-4E81-A614-CA0688B211D9}.Release|Any CPU.ActiveCfg = Release|Any CPU
		{87584247-3465-4E81-A614-CA0688B211D9}.Release|Any CPU.Build.0 = Release|Any CPU
	EndGlobalSection
	GlobalSection(SolutionProperties) = preSolution
		HideSolutionNode = FALSE
	EndGlobalSection
	GlobalSection(ExtensibilityGlobals) = postSolution
		SolutionGuid = {16683504-C13D-4F51-A3B9-325522DC49F1}
	EndGlobalSection
EndGlobal
