
Microsoft Visual Studio Solution File, Format Version 12.00
# Visual Studio Version 16
VisualStudioVersion = 16.0.30320.27
MinimumVisualStudioVersion = 10.0.40219.1
Project("{FAE04EC0-301F-11D3-BF4B-00C04F79EFBC}") = "DaneZNeta_Lekcja", "DaneZNeta_Lekcja.csproj", "{CA2277F9-AED2-4D64-B10F-35F8ABF03702}"
EndProject
Global
	GlobalSection(SolutionConfigurationPlatforms) = preSolution
		Debug|Any CPU = Debug|Any CPU
		Release|Any CPU = Release|Any CPU
	EndGlobalSection
	GlobalSection(ProjectConfigurationPlatforms) = postSolution
		{CA2277F9-AED2-4D64-B10F-35F8ABF03702}.Debug|Any CPU.ActiveCfg = Debug|Any CPU
		{CA2277F9-AED2-4D64-B10F-35F8ABF03702}.Debug|Any CPU.Build.0 = Debug|Any CPU
		{CA2277F9-AED2-4D64-B10F-35F8ABF03702}.Release|Any CPU.ActiveCfg = Release|Any CPU
		{CA2277F9-AED2-4D64-B10F-35F8ABF03702}.Release|Any CPU.Build.0 = Release|Any CPU
	EndGlobalSection
	GlobalSection(SolutionProperties) = preSolution
		HideSolutionNode = FALSE
	EndGlobalSection
	GlobalSection(ExtensibilityGlobals) = postSolution
		SolutionGuid = {B0D64012-F6DE-4145-B8D7-52CBC8AF8D5E}
	EndGlobalSection
EndGlobal
