
Microsoft Visual Studio Solution File, Format Version 12.00
# Visual Studio Version 16
VisualStudioVersion = 16.0.30320.27
MinimumVisualStudioVersion = 10.0.40219.1
Project("{FAE04EC0-301F-11D3-BF4B-00C04F79EFBC}") = "Słownik_Temperatury_Zadanko", "Słownik_Temperatury_Zadanko.csproj", "{88E20E31-A8F3-4FA1-8BF1-0CF2EA81120E}"
EndProject
Global
	GlobalSection(SolutionConfigurationPlatforms) = preSolution
		Debug|Any CPU = Debug|Any CPU
		Release|Any CPU = Release|Any CPU
	EndGlobalSection
	GlobalSection(ProjectConfigurationPlatforms) = postSolution
		{88E20E31-A8F3-4FA1-8BF1-0CF2EA81120E}.Debug|Any CPU.ActiveCfg = Debug|Any CPU
		{88E20E31-A8F3-4FA1-8BF1-0CF2EA81120E}.Debug|Any CPU.Build.0 = Debug|Any CPU
		{88E20E31-A8F3-4FA1-8BF1-0CF2EA81120E}.Release|Any CPU.ActiveCfg = Release|Any CPU
		{88E20E31-A8F3-4FA1-8BF1-0CF2EA81120E}.Release|Any CPU.Build.0 = Release|Any CPU
	EndGlobalSection
	GlobalSection(SolutionProperties) = preSolution
		HideSolutionNode = FALSE
	EndGlobalSection
	GlobalSection(ExtensibilityGlobals) = postSolution
		SolutionGuid = {7C3C528D-2BC4-4C86-9B95-BC85EE44C823}
	EndGlobalSection
EndGlobal
