
Microsoft Visual Studio Solution File, Format Version 12.00
# Visual Studio Version 16
VisualStudioVersion = 16.0.30320.27
MinimumVisualStudioVersion = 10.0.40219.1
Project("{FAE04EC0-301F-11D3-BF4B-00C04F79EFBC}") = "Zadanka9_towarzystwo_ubezpiecz", "Zadanka9_towarzystwo_ubezpiecz.csproj", "{082259C1-E0C1-445D-B664-81019C5BA2D8}"
EndProject
Global
	GlobalSection(SolutionConfigurationPlatforms) = preSolution
		Debug|Any CPU = Debug|Any CPU
		Release|Any CPU = Release|Any CPU
	EndGlobalSection
	GlobalSection(ProjectConfigurationPlatforms) = postSolution
		{082259C1-E0C1-445D-B664-81019C5BA2D8}.Debug|Any CPU.ActiveCfg = Debug|Any CPU
		{082259C1-E0C1-445D-B664-81019C5BA2D8}.Debug|Any CPU.Build.0 = Debug|Any CPU
		{082259C1-E0C1-445D-B664-81019C5BA2D8}.Release|Any CPU.ActiveCfg = Release|Any CPU
		{082259C1-E0C1-445D-B664-81019C5BA2D8}.Release|Any CPU.Build.0 = Release|Any CPU
	EndGlobalSection
	GlobalSection(SolutionProperties) = preSolution
		HideSolutionNode = FALSE
	EndGlobalSection
	GlobalSection(ExtensibilityGlobals) = postSolution
		SolutionGuid = {F78899FE-9A32-4F95-9584-0E7EE861C9D2}
	EndGlobalSection
EndGlobal
