
Microsoft Visual Studio Solution File, Format Version 12.00
# Visual Studio Version 16
VisualStudioVersion = 16.0.30320.27
MinimumVisualStudioVersion = 10.0.40219.1
Project("{FAE04EC0-301F-11D3-BF4B-00C04F79EFBC}") = "InterfejsySystemowe_Lekcja", "InterfejsySystemowe_Lekcja.csproj", "{97311D71-8037-461A-BB7A-A8057E965F9A}"
EndProject
Global
	GlobalSection(SolutionConfigurationPlatforms) = preSolution
		Debug|Any CPU = Debug|Any CPU
		Release|Any CPU = Release|Any CPU
	EndGlobalSection
	GlobalSection(ProjectConfigurationPlatforms) = postSolution
		{97311D71-8037-461A-BB7A-A8057E965F9A}.Debug|Any CPU.ActiveCfg = Debug|Any CPU
		{97311D71-8037-461A-BB7A-A8057E965F9A}.Debug|Any CPU.Build.0 = Debug|Any CPU
		{97311D71-8037-461A-BB7A-A8057E965F9A}.Release|Any CPU.ActiveCfg = Release|Any CPU
		{97311D71-8037-461A-BB7A-A8057E965F9A}.Release|Any CPU.Build.0 = Release|Any CPU
	EndGlobalSection
	GlobalSection(SolutionProperties) = preSolution
		HideSolutionNode = FALSE
	EndGlobalSection
	GlobalSection(ExtensibilityGlobals) = postSolution
		SolutionGuid = {74D136A5-6808-4062-8024-D650029936BB}
	EndGlobalSection
EndGlobal
