
Microsoft Visual Studio Solution File, Format Version 12.00
# Visual Studio Version 16
VisualStudioVersion = 16.0.30320.27
MinimumVisualStudioVersion = 10.0.40219.1
Project("{FAE04EC0-301F-11D3-BF4B-00C04F79EFBC}") = "zadanka7", "zadanka7.csproj", "{7010915F-396F-4775-94EE-69E1BDE42A0C}"
EndProject
Global
	GlobalSection(SolutionConfigurationPlatforms) = preSolution
		Debug|Any CPU = Debug|Any CPU
		Release|Any CPU = Release|Any CPU
	EndGlobalSection
	GlobalSection(ProjectConfigurationPlatforms) = postSolution
		{7010915F-396F-4775-94EE-69E1BDE42A0C}.Debug|Any CPU.ActiveCfg = Debug|Any CPU
		{7010915F-396F-4775-94EE-69E1BDE42A0C}.Debug|Any CPU.Build.0 = Debug|Any CPU
		{7010915F-396F-4775-94EE-69E1BDE42A0C}.Release|Any CPU.ActiveCfg = Release|Any CPU
		{7010915F-396F-4775-94EE-69E1BDE42A0C}.Release|Any CPU.Build.0 = Release|Any CPU
	EndGlobalSection
	GlobalSection(SolutionProperties) = preSolution
		HideSolutionNode = FALSE
	EndGlobalSection
	GlobalSection(ExtensibilityGlobals) = postSolution
		SolutionGuid = {F0576CC3-4E30-4D80-AA76-523E64489F20}
	EndGlobalSection
EndGlobal
