
Microsoft Visual Studio Solution File, Format Version 12.00
# Visual Studio Version 16
VisualStudioVersion = 16.0.30320.27
MinimumVisualStudioVersion = 10.0.40219.1
Project("{FAE04EC0-301F-11D3-BF4B-00C04F79EFBC}") = "Wyjatki_Lekcja", "Wyjatki_Lekcja.csproj", "{162C7D0F-5092-4001-954E-00F26726216D}"
EndProject
Global
	GlobalSection(SolutionConfigurationPlatforms) = preSolution
		Debug|Any CPU = Debug|Any CPU
		Release|Any CPU = Release|Any CPU
	EndGlobalSection
	GlobalSection(ProjectConfigurationPlatforms) = postSolution
		{162C7D0F-5092-4001-954E-00F26726216D}.Debug|Any CPU.ActiveCfg = Debug|Any CPU
		{162C7D0F-5092-4001-954E-00F26726216D}.Debug|Any CPU.Build.0 = Debug|Any CPU
		{162C7D0F-5092-4001-954E-00F26726216D}.Release|Any CPU.ActiveCfg = Release|Any CPU
		{162C7D0F-5092-4001-954E-00F26726216D}.Release|Any CPU.Build.0 = Release|Any CPU
	EndGlobalSection
	GlobalSection(SolutionProperties) = preSolution
		HideSolutionNode = FALSE
	EndGlobalSection
	GlobalSection(ExtensibilityGlobals) = postSolution
		SolutionGuid = {A5B880CD-61EB-45F4-BBEA-B8014FCEDE3A}
	EndGlobalSection
EndGlobal
