
Microsoft Visual Studio Solution File, Format Version 12.00
# Visual Studio Version 16
VisualStudioVersion = 16.0.30320.27
MinimumVisualStudioVersion = 10.0.40219.1
Project("{FAE04EC0-301F-11D3-BF4B-00C04F79EFBC}") = "DziedziczenieCwiczeniaLekcja", "DziedziczenieCwiczeniaLekcja.csproj", "{E9537EFC-46F9-493E-AF5B-F9C03D36476D}"
EndProject
Global
	GlobalSection(SolutionConfigurationPlatforms) = preSolution
		Debug|Any CPU = Debug|Any CPU
		Release|Any CPU = Release|Any CPU
	EndGlobalSection
	GlobalSection(ProjectConfigurationPlatforms) = postSolution
		{E9537EFC-46F9-493E-AF5B-F9C03D36476D}.Debug|Any CPU.ActiveCfg = Debug|Any CPU
		{E9537EFC-46F9-493E-AF5B-F9C03D36476D}.Debug|Any CPU.Build.0 = Debug|Any CPU
		{E9537EFC-46F9-493E-AF5B-F9C03D36476D}.Release|Any CPU.ActiveCfg = Release|Any CPU
		{E9537EFC-46F9-493E-AF5B-F9C03D36476D}.Release|Any CPU.Build.0 = Release|Any CPU
	EndGlobalSection
	GlobalSection(SolutionProperties) = preSolution
		HideSolutionNode = FALSE
	EndGlobalSection
	GlobalSection(ExtensibilityGlobals) = postSolution
		SolutionGuid = {E0F00C63-DAC1-4327-A9CC-AFFC8A71213D}
	EndGlobalSection
EndGlobal
