
Microsoft Visual Studio Solution File, Format Version 12.00
# Visual Studio Version 16
VisualStudioVersion = 16.0.30320.27
MinimumVisualStudioVersion = 10.0.40219.1
Project("{FAE04EC0-301F-11D3-BF4B-00C04F79EFBC}") = "Zadanka17_Baza", "Zadanka17_Baza.csproj", "{2805E8A2-CBE7-4E06-8BD9-4B9A6894F12D}"
EndProject
Global
	GlobalSection(SolutionConfigurationPlatforms) = preSolution
		Debug|Any CPU = Debug|Any CPU
		Release|Any CPU = Release|Any CPU
	EndGlobalSection
	GlobalSection(ProjectConfigurationPlatforms) = postSolution
		{2805E8A2-CBE7-4E06-8BD9-4B9A6894F12D}.Debug|Any CPU.ActiveCfg = Debug|Any CPU
		{2805E8A2-CBE7-4E06-8BD9-4B9A6894F12D}.Debug|Any CPU.Build.0 = Debug|Any CPU
		{2805E8A2-CBE7-4E06-8BD9-4B9A6894F12D}.Release|Any CPU.ActiveCfg = Release|Any CPU
		{2805E8A2-CBE7-4E06-8BD9-4B9A6894F12D}.Release|Any CPU.Build.0 = Release|Any CPU
	EndGlobalSection
	GlobalSection(SolutionProperties) = preSolution
		HideSolutionNode = FALSE
	EndGlobalSection
	GlobalSection(ExtensibilityGlobals) = postSolution
		SolutionGuid = {37B15FBD-E18E-4718-883E-BE359397A075}
	EndGlobalSection
EndGlobal
